PODS:
  - DropDown (2.3.13)
  - SDWebImage (5.12.5):
    - SDWebImage/Core (= 5.12.5)
  - SDWebImage/Core (5.12.5)
  - SDWebImageSVGCoder (1.6.1):
    - SDWebImage/Core (~> 5.6)
  - SwiftLint (0.47.0)
  - Toast-Swift (5.0.1)

DEPENDENCIES:
  - DropDown
  - SDWebImage
  - SDWebImageSVGCoder
  - SwiftLint
  - Toast-Swift

SPEC REPOS:
  trunk:
    - DropDown
    - SDWebImage
    - SDWebImageSVGCoder
    - SwiftLint
    - Toast-Swift

SPEC CHECKSUMS:
  DropDown: 8a2116376c1981888557f72ec2ffc9a5e0e456ec
  SDWebImage: 0905f1b7760fc8ac4198cae0036600d67478751e
  SDWebImageSVGCoder: 6fc109f9c2a82ab44510fff410b88b1a6c271ee8
  SwiftLint: d41cc46a2ae58ac6d9f26954bc89f1d72e71fdef
  Toast-Swift: 9b6a70f28b3bf0b96c40d46c0c4b9d6639846711

PODFILE CHECKSUM: 136861810a9864ada1bef2450e9440e84d7415fb

COCOAPODS: 1.10.1
